
Microsoft Visual Studio Solution File, Format Version 12.00
# Visual Studio 15
VisualStudioVersion = 15.0.26730.16
MinimumVisualStudioVersion = 10.0.40219.1
Project("{FAE04EC0-301F-11D3-BF4B-00C04F79EFBC}") = "ArcadiaCsharpCourse.HomeworkProject", "ArcadiaCsharpCourse.HomeworkProject\ArcadiaCsharpCourse.HomeworkProject.csproj", "{311E5535-F98D-4E5E-AF03-CBFD9487AD14}"
EndProject
Global
	GlobalSection(SolutionConfigurationPlatforms) = preSolution
		Debug|Any CPU = Debug|Any CPU
		Release|Any CPU = Release|Any CPU
	EndGlobalSection
	GlobalSection(ProjectConfigurationPlatforms) = postSolution
		{311E5535-F98D-4E5E-AF03-CBFD9487AD14}.Debug|Any CPU.ActiveCfg = Debug|Any CPU
		{311E5535-F98D-4E5E-AF03-CBFD9487AD14}.Debug|Any CPU.Build.0 = Debug|Any CPU
		{311E5535-F98D-4E5E-AF03-CBFD9487AD14}.Release|Any CPU.ActiveCfg = Release|Any CPU
		{311E5535-F98D-4E5E-AF03-CBFD9487AD14}.Release|Any CPU.Build.0 = Release|Any CPU
	EndGlobalSection
	GlobalSection(SolutionProperties) = preSolution
		HideSolutionNode = FALSE
	EndGlobalSection
	GlobalSection(ExtensibilityGlobals) = postSolution
		SolutionGuid = {7D150E5F-8700-475D-A92A-C5407806F730}
	EndGlobalSection
EndGlobal
